
Microsoft Visual Studio Solution File, Format Version 12.00
# Visual Studio Version 17
VisualStudioVersion = 17.2.32616.157
MinimumVisualStudioVersion = 10.0.40219.1
Project("{FAE04EC0-301F-11D3-BF4B-00C04F79EFBC}") = "Aula20240805", "Aula20240805\Aula20240805.csproj", "{DA49DEEE-C41C-46FF-A192-03236B8D2D7A}"
EndProject
Global
	GlobalSection(SolutionConfigurationPlatforms) = preSolution
		Debug|Any CPU = Debug|Any CPU
		Release|Any CPU = Release|Any CPU
	EndGlobalSection
	GlobalSection(ProjectConfigurationPlatforms) = postSolution
		{DA49DEEE-C41C-46FF-A192-03236B8D2D7A}.Debug|Any CPU.ActiveCfg = Debug|Any CPU
		{DA49DEEE-C41C-46FF-A192-03236B8D2D7A}.Debug|Any CPU.Build.0 = Debug|Any CPU
		{DA49DEEE-C41C-46FF-A192-03236B8D2D7A}.Release|Any CPU.ActiveCfg = Release|Any CPU
		{DA49DEEE-C41C-46FF-A192-03236B8D2D7A}.Release|Any CPU.Build.0 = Release|Any CPU
	EndGlobalSection
	GlobalSection(SolutionProperties) = preSolution
		HideSolutionNode = FALSE
	EndGlobalSection
	GlobalSection(ExtensibilityGlobals) = postSolution
		SolutionGuid = {C4C6E819-5301-4F41-B046-37468B7B6BBD}
	EndGlobalSection
EndGlobal
